
Microsoft Visual Studio Solution File, Format Version 12.00
# Visual Studio Version 16
VisualStudioVersion = 16.0.30128.74
MinimumVisualStudioVersion = 10.0.40219.1
Project("{9A19103F-16F7-4668-BE54-9A1E7A4F7556}") = "CleanArchitecture", "CleanArchitecture\CleanArchitecture.csproj", "{BACA5743-B3B7-47CD-AC21-A785DFB5C3B2}"
EndProject
Project("{9A19103F-16F7-4668-BE54-9A1E7A4F7556}") = "Domain", "Domain\Domain.csproj", "{5240A51E-53EC-42ED-8486-999BE6C4DE00}"
EndProject
Project("{9A19103F-16F7-4668-BE54-9A1E7A4F7556}") = "Application", "Application\Application.csproj", "{9F4B5416-3D5C-4B6A-89C8-038E0AE85CB9}"
EndProject
Project("{9A19103F-16F7-4668-BE54-9A1E7A4F7556}") = "Infrastructure", "Infrastructure\Infrastructure.csproj", "{588C361A-6F25-4EBE-9902-3519D6A0403D}"
EndProject
Project("{9A19103F-16F7-4668-BE54-9A1E7A4F7556}") = "Application.Contract", "Application.Contract\Application.Contract.csproj", "{C5EBBC49-8AC3-479F-A929-DDBE4D6EE75C}"
EndProject
Global
	GlobalSection(SolutionConfigurationPlatforms) = preSolution
		Debug|Any CPU = Debug|Any CPU
		Release|Any CPU = Release|Any CPU
	EndGlobalSection
	GlobalSection(ProjectConfigurationPlatforms) = postSolution
		{BACA5743-B3B7-47CD-AC21-A785DFB5C3B2}.Debug|Any CPU.ActiveCfg = Debug|Any CPU
		{BACA5743-B3B7-47CD-AC21-A785DFB5C3B2}.Debug|Any CPU.Build.0 = Debug|Any CPU
		{BACA5743-B3B7-47CD-AC21-A785DFB5C3B2}.Release|Any CPU.ActiveCfg = Release|Any CPU
		{BACA5743-B3B7-47CD-AC21-A785DFB5C3B2}.Release|Any CPU.Build.0 = Release|Any CPU
		{5240A51E-53EC-42ED-8486-999BE6C4DE00}.Debug|Any CPU.ActiveCfg = Debug|Any CPU
		{5240A51E-53EC-42ED-8486-999BE6C4DE00}.Debug|Any CPU.Build.0 = Debug|Any CPU
		{5240A51E-53EC-42ED-8486-999BE6C4DE00}.Release|Any CPU.ActiveCfg = Release|Any CPU
		{5240A51E-53EC-42ED-8486-999BE6C4DE00}.Release|Any CPU.Build.0 = Release|Any CPU
		{9F4B5416-3D5C-4B6A-89C8-038E0AE85CB9}.Debug|Any CPU.ActiveCfg = Debug|Any CPU
		{9F4B5416-3D5C-4B6A-89C8-038E0AE85CB9}.Debug|Any CPU.Build.0 = Debug|Any CPU
		{9F4B5416-3D5C-4B6A-89C8-038E0AE85CB9}.Release|Any CPU.ActiveCfg = Release|Any CPU
		{9F4B5416-3D5C-4B6A-89C8-038E0AE85CB9}.Release|Any CPU.Build.0 = Release|Any CPU
		{588C361A-6F25-4EBE-9902-3519D6A0403D}.Debug|Any CPU.ActiveCfg = Debug|Any CPU
		{588C361A-6F25-4EBE-9902-3519D6A0403D}.Debug|Any CPU.Build.0 = Debug|Any CPU
		{588C361A-6F25-4EBE-9902-3519D6A0403D}.Release|Any CPU.ActiveCfg = Release|Any CPU
		{588C361A-6F25-4EBE-9902-3519D6A0403D}.Release|Any CPU.Build.0 = Release|Any CPU
		{C5EBBC49-8AC3-479F-A929-DDBE4D6EE75C}.Debug|Any CPU.ActiveCfg = Debug|Any CPU
		{C5EBBC49-8AC3-479F-A929-DDBE4D6EE75C}.Debug|Any CPU.Build.0 = Debug|Any CPU
		{C5EBBC49-8AC3-479F-A929-DDBE4D6EE75C}.Release|Any CPU.ActiveCfg = Release|Any CPU
		{C5EBBC49-8AC3-479F-A929-DDBE4D6EE75C}.Release|Any CPU.Build.0 = Release|Any CPU
	EndGlobalSection
	GlobalSection(SolutionProperties) = preSolution
		HideSolutionNode = FALSE
	EndGlobalSection
	GlobalSection(ExtensibilityGlobals) = postSolution
		SolutionGuid = {A646224B-BF28-4E80-AD90-33151F68EBEE}
	EndGlobalSection
EndGlobal
